
Microsoft Visual Studio Solution File, Format Version 12.00
# Visual Studio Version 17
VisualStudioVersion = 17.9.34622.214
MinimumVisualStudioVersion = 10.0.40219.1
Project("{9A19103F-16F7-4668-BE54-9A1E7A4F7556}") = "DanskMetal_DockerFunctionApp", "DanskMetal_DockerFunctionApp.csproj", "{AB0F886F-BE29-4954-ACEA-37EC6D0C7491}"
EndProject
Global
	GlobalSection(SolutionConfigurationPlatforms) = preSolution
		Debug|Any CPU = Debug|Any CPU
		Release|Any CPU = Release|Any CPU
	EndGlobalSection
	GlobalSection(ProjectConfigurationPlatforms) = postSolution
		{AB0F886F-BE29-4954-ACEA-37EC6D0C7491}.Debug|Any CPU.ActiveCfg = Debug|Any CPU
		{AB0F886F-BE29-4954-ACEA-37EC6D0C7491}.Debug|Any CPU.Build.0 = Debug|Any CPU
		{AB0F886F-BE29-4954-ACEA-37EC6D0C7491}.Release|Any CPU.ActiveCfg = Release|Any CPU
		{AB0F886F-BE29-4954-ACEA-37EC6D0C7491}.Release|Any CPU.Build.0 = Release|Any CPU
	EndGlobalSection
	GlobalSection(SolutionProperties) = preSolution
		HideSolutionNode = FALSE
	EndGlobalSection
	GlobalSection(ExtensibilityGlobals) = postSolution
		SolutionGuid = {FFF7F920-DD21-477E-9CB0-1702ABFDF17E}
	EndGlobalSection
EndGlobal
