
Microsoft Visual Studio Solution File, Format Version 12.00
# Visual Studio Version 17
VisualStudioVersion = 17.9.34622.214
MinimumVisualStudioVersion = 10.0.40219.1
Project("{FAE04EC0-301F-11D3-BF4B-00C04F79EFBC}") = "DanskMetal.FirstFunctionApp", "DanskMetal.FirstFunctionApp\DanskMetal.FirstFunctionApp.csproj", "{222D4AE7-CD5C-4560-80AE-4EAFD7A97A56}"
EndProject
Global
	GlobalSection(SolutionConfigurationPlatforms) = preSolution
		Debug|Any CPU = Debug|Any CPU
		Release|Any CPU = Release|Any CPU
	EndGlobalSection
	GlobalSection(ProjectConfigurationPlatforms) = postSolution
		{222D4AE7-CD5C-4560-80AE-4EAFD7A97A56}.Debug|Any CPU.ActiveCfg = Debug|Any CPU
		{222D4AE7-CD5C-4560-80AE-4EAFD7A97A56}.Debug|Any CPU.Build.0 = Debug|Any CPU
		{222D4AE7-CD5C-4560-80AE-4EAFD7A97A56}.Release|Any CPU.ActiveCfg = Release|Any CPU
		{222D4AE7-CD5C-4560-80AE-4EAFD7A97A56}.Release|Any CPU.Build.0 = Release|Any CPU
	EndGlobalSection
	GlobalSection(SolutionProperties) = preSolution
		HideSolutionNode = FALSE
	EndGlobalSection
	GlobalSection(ExtensibilityGlobals) = postSolution
		SolutionGuid = {9B1FECB0-B028-4060-83FD-20827864C3F8}
	EndGlobalSection
EndGlobal
